
Microsoft Visual Studio Solution File, Format Version 12.00
# Visual Studio Version 17
VisualStudioVersion = 17.12.35527.113
MinimumVisualStudioVersion = 10.0.40219.1
Project("{9A19103F-16F7-4668-BE54-9A1E7A4F7556}") = "FribergHomeClient", "FribergHomeClient\FribergHomeClient.csproj", "{3BFD3CEF-806C-44D9-ACC6-C7A35A859EEE}"
EndProject
Global
	GlobalSection(SolutionConfigurationPlatforms) = preSolution
		Debug|Any CPU = Debug|Any CPU
		Release|Any CPU = Release|Any CPU
	EndGlobalSection
	GlobalSection(ProjectConfigurationPlatforms) = postSolution
		{3BFD3CEF-806C-44D9-ACC6-C7A35A859EEE}.Debug|Any CPU.ActiveCfg = Debug|Any CPU
		{3BFD3CEF-806C-44D9-ACC6-C7A35A859EEE}.Debug|Any CPU.Build.0 = Debug|Any CPU
		{3BFD3CEF-806C-44D9-ACC6-C7A35A859EEE}.Release|Any CPU.ActiveCfg = Release|Any CPU
		{3BFD3CEF-806C-44D9-ACC6-C7A35A859EEE}.Release|Any CPU.Build.0 = Release|Any CPU
	EndGlobalSection
	GlobalSection(SolutionProperties) = preSolution
		HideSolutionNode = FALSE
	EndGlobalSection
	GlobalSection(ExtensibilityGlobals) = postSolution
		SolutionGuid = {85000CC7-0C3D-4862-B572-C08538171164}
	EndGlobalSection
EndGlobal
